
Microsoft Visual Studio Solution File, Format Version 12.00
# Visual Studio 15
VisualStudioVersion = 15.0.28307.2092
MinimumVisualStudioVersion = 10.0.40219.1
Project("{FAE04EC0-301F-11D3-BF4B-00C04F79EFBC}") = "GuessGame", "GuessGame\GuessGame.csproj", "{B3E233F8-CF58-480B-9DE4-C01FE2E152EB}"
EndProject
Global
	GlobalSection(SolutionConfigurationPlatforms) = preSolution
		Debug|Any CPU = Debug|Any CPU
		Release|Any CPU = Release|Any CPU
	EndGlobalSection
	GlobalSection(ProjectConfigurationPlatforms) = postSolution
		{B3E233F8-CF58-480B-9DE4-C01FE2E152EB}.Debug|Any CPU.ActiveCfg = Debug|Any CPU
		{B3E233F8-CF58-480B-9DE4-C01FE2E152EB}.Debug|Any CPU.Build.0 = Debug|Any CPU
		{B3E233F8-CF58-480B-9DE4-C01FE2E152EB}.Release|Any CPU.ActiveCfg = Release|Any CPU
		{B3E233F8-CF58-480B-9DE4-C01FE2E152EB}.Release|Any CPU.Build.0 = Release|Any CPU
	EndGlobalSection
	GlobalSection(SolutionProperties) = preSolution
		HideSolutionNode = FALSE
	EndGlobalSection
	GlobalSection(ExtensibilityGlobals) = postSolution
		SolutionGuid = {C27F2C45-ED41-4F41-B755-41E69C941AFE}
	EndGlobalSection
EndGlobal
