
Microsoft Visual Studio Solution File, Format Version 12.00
# Visual Studio 15
VisualStudioVersion = 15.0.28307.2092
MinimumVisualStudioVersion = 10.0.40219.1
Project("{FAE04EC0-301F-11D3-BF4B-00C04F79EFBC}") = "Pig Latin", "Pig Latin\Pig Latin.csproj", "{AC564CA0-75A4-475E-85B7-E9985A0D801E}"
EndProject
Global
	GlobalSection(SolutionConfigurationPlatforms) = preSolution
		Debug|Any CPU = Debug|Any CPU
		Release|Any CPU = Release|Any CPU
	EndGlobalSection
	GlobalSection(ProjectConfigurationPlatforms) = postSolution
		{AC564CA0-75A4-475E-85B7-E9985A0D801E}.Debug|Any CPU.ActiveCfg = Debug|Any CPU
		{AC564CA0-75A4-475E-85B7-E9985A0D801E}.Debug|Any CPU.Build.0 = Debug|Any CPU
		{AC564CA0-75A4-475E-85B7-E9985A0D801E}.Release|Any CPU.ActiveCfg = Release|Any CPU
		{AC564CA0-75A4-475E-85B7-E9985A0D801E}.Release|Any CPU.Build.0 = Release|Any CPU
	EndGlobalSection
	GlobalSection(SolutionProperties) = preSolution
		HideSolutionNode = FALSE
	EndGlobalSection
	GlobalSection(ExtensibilityGlobals) = postSolution
		SolutionGuid = {FCC4DCD0-8783-4930-8A86-7D95B6F89F61}
	EndGlobalSection
EndGlobal
